<?xml version="1.0" encoding="utf-8"?>
<Project ToolsVersion="4.0" xmlns="http://schemas.microsoft.com/developer/msbuild/2003">
  <ItemGroup>
    <Filter Include="Source Files">
      <UniqueIdentifier>{4FC737F1-C7A5-4376-A066-2A32D752A2FF}</UniqueIdentifier>
      <Extensions>cpp;c;cc;cxx;c++;cppm;ixx;def;odl;idl;hpj;bat;asm;asmx</Extensions>
    </Filter>
    <Filter Include="Header Files">
      <UniqueIdentifier>{93995380-89BD-4b04-88EB-625FBE52EBFB}</UniqueIdentifier>
      <Extensions>h;hh;hpp;hxx;h++;hm;inl;inc;ipp;xsd</Extensions>
    </Filter>
    <Filter Include="Resource Files">
      <UniqueIdentifier>{67DA6AB6-F800-4c08-8B7A-83BB121AAD01}</UniqueIdentifier>
      <Extensions>rc;ico;cur;bmp;dlg;rc2;rct;bin;rgs;gif;jpg;jpeg;jpe;resx;tiff;tif;png;wav;mfcribbon-ms</Extensions>
    </Filter>
    <Filter Include="Source Files\meshes">
      <UniqueIdentifier>{23fdb42b-7132-4cd7-994c-0eff17cb01dc}</UniqueIdentifier>
    </Filter>
    <Filter Include="Source Files\meshes\interfaces">
      <UniqueIdentifier>{c32ae394-a2d2-461c-a29e-118ff549383d}</UniqueIdentifier>
    </Filter>
    <Filter Include="Source Files\meshes\includes">
      <UniqueIdentifier>{83576a9b-a9e8-42ec-bb84-ebef2d1b1e10}</UniqueIdentifier>
    </Filter>
    <Filter Include="Source Files\models">
      <UniqueIdentifier>{172138f4-f87c-4837-899f-6719163cc4a9}</UniqueIdentifier>
    </Filter>
    <Filter Include="Source Files\models\interfaces">
      <UniqueIdentifier>{d27d6f71-979d-4b9b-8cc5-cc5431e7b608}</UniqueIdentifier>
    </Filter>
    <Filter Include="Source Files\shaders">
      <UniqueIdentifier>{44a7cd2e-1f88-476a-96a6-fb9e60d027da}</UniqueIdentifier>
    </Filter>
    <Filter Include="Source Files\shaders\programs">
      <UniqueIdentifier>{0544f344-faee-45a9-8849-953369c9b22c}</UniqueIdentifier>
    </Filter>
    <Filter Include="Source Files\shaders\programs\interfaces">
      <UniqueIdentifier>{b3466030-5fc0-4db0-8b5e-789c50ec26ac}</UniqueIdentifier>
    </Filter>
    <Filter Include="Source Files\cameras">
      <UniqueIdentifier>{926f93e5-0874-4f86-b93d-c4150afb1cd5}</UniqueIdentifier>
    </Filter>
    <Filter Include="Source Files\cameras\interfaces">
      <UniqueIdentifier>{1014ae7b-4048-4d0e-8a57-30ed7b4b6b5c}</UniqueIdentifier>
    </Filter>
    <Filter Include="Source Files\shaders\loaders">
      <UniqueIdentifier>{4282d395-8fa7-4e27-aae4-4609d5eeb22d}</UniqueIdentifier>
    </Filter>
    <Filter Include="Source Files\shaders\loaders\interfaces">
      <UniqueIdentifier>{727342c2-2baf-4090-808c-ed58858b7014}</UniqueIdentifier>
    </Filter>
    <Filter Include="Source Files\lights">
      <UniqueIdentifier>{21955ca5-e56c-498e-b636-d3844397acc3}</UniqueIdentifier>
    </Filter>
    <Filter Include="Source Files\lights\interfaces">
      <UniqueIdentifier>{13f51e92-f6c6-4a42-a28c-1797f2947b6d}</UniqueIdentifier>
    </Filter>
    <Filter Include="Source Files\lights\includes">
      <UniqueIdentifier>{1f74db68-53e0-4b5c-b558-69b8cb16262e}</UniqueIdentifier>
    </Filter>
    <Filter Include="Source Files\shaders\buffers">
      <UniqueIdentifier>{73d14897-a736-4bcd-b0cc-5684717f261a}</UniqueIdentifier>
    </Filter>
    <Filter Include="Source Files\shaders\buffers\interfaces">
      <UniqueIdentifier>{1950db8d-a86c-4052-b6f6-85bcbbf9c686}</UniqueIdentifier>
    </Filter>
    <Filter Include="Source Files\shaders\programs\includes">
      <UniqueIdentifier>{e08bce38-bfff-423a-8b3c-8650cfc774b3}</UniqueIdentifier>
    </Filter>
    <Filter Include="Source Files\textures">
      <UniqueIdentifier>{14c62ccb-3517-47fd-87c1-4ad53f491247}</UniqueIdentifier>
    </Filter>
    <Filter Include="Source Files\textures\interfaces">
      <UniqueIdentifier>{f58c5741-9a3d-430f-b3ce-7ac0145afa3a}</UniqueIdentifier>
    </Filter>
    <Filter Include="Source Files\scenes">
      <UniqueIdentifier>{8a5ff037-462b-4850-b518-6ca476858635}</UniqueIdentifier>
    </Filter>
    <Filter Include="Source Files\scenes\loaders">
      <UniqueIdentifier>{26776238-1354-4b50-a530-452b263c42e6}</UniqueIdentifier>
    </Filter>
    <Filter Include="Source Files\scenes\loaders\interfaces">
      <UniqueIdentifier>{68646574-4c8f-4365-9e0a-2b57b42d7d88}</UniqueIdentifier>
    </Filter>
    <Filter Include="Source Files\scenes\managers">
      <UniqueIdentifier>{177f7ec7-2bef-4fa9-9649-15a22bd8a038}</UniqueIdentifier>
    </Filter>
    <Filter Include="Source Files\scenes\managers\interfaces">
      <UniqueIdentifier>{91d9d22f-71cc-405f-b658-a137db82371b}</UniqueIdentifier>
    </Filter>
    <Filter Include="Source Files\factories">
      <UniqueIdentifier>{0b60834d-9e2a-4552-949a-c50c955467e5}</UniqueIdentifier>
    </Filter>
    <Filter Include="Source Files\factories\interfaces">
      <UniqueIdentifier>{e99b864a-577f-47c6-afbf-62d3f6fc9358}</UniqueIdentifier>
    </Filter>
    <Filter Include="Source Files\gui">
      <UniqueIdentifier>{708258b3-b2ab-441a-bd8c-06d0a88f3b03}</UniqueIdentifier>
    </Filter>
    <Filter Include="Source Files\gui\interfaces">
      <UniqueIdentifier>{6df51c6e-c108-4d7b-8d11-ac2630226779}</UniqueIdentifier>
    </Filter>
    <Filter Include="Source Files\gui\includes">
      <UniqueIdentifier>{c9190523-33fc-44ef-bd13-f0b14c85fb25}</UniqueIdentifier>
    </Filter>
  </ItemGroup>
  <ItemGroup>
    <ClCompile Include="pbr_stylized.cpp">
      <Filter>Source Files</Filter>
    </ClCompile>
    <ClCompile Include="include\glad\glad.c">
      <Filter>Source Files</Filter>
    </ClCompile>
    <ClCompile Include="source\meshes\MeshAssImp.cpp">
      <Filter>Source Files\meshes</Filter>
    </ClCompile>
    <ClCompile Include="source\models\Model.cpp">
      <Filter>Source Files\models</Filter>
    </ClCompile>
    <ClCompile Include="source\shaders\programs\ShaderProgram.cpp">
      <Filter>Source Files\shaders\programs</Filter>
    </ClCompile>
    <ClCompile Include="source\cameras\CameraPerspective.cpp">
      <Filter>Source Files\cameras</Filter>
    </ClCompile>
    <ClCompile Include="source\shaders\loaders\FileShaderLoader.cpp">
      <Filter>Source Files\shaders\loaders</Filter>
    </ClCompile>
    <ClCompile Include="source\lights\PointLight.cpp">
      <Filter>Source Files\lights</Filter>
    </ClCompile>
    <ClCompile Include="source\shaders\buffers\UniformBufferObject.cpp">
      <Filter>Source Files\shaders\buffers</Filter>
    </ClCompile>
    <ClCompile Include="source\textures\FileTexture.cpp">
      <Filter>Source Files\textures</Filter>
    </ClCompile>
    <ClCompile Include="source\scenes\loaders\JsonSceneLoader.cpp">
      <Filter>Source Files\scenes\loaders</Filter>
    </ClCompile>
    <ClCompile Include="source\scenes\managers\SceneManager.cpp">
      <Filter>Source Files\scenes\managers</Filter>
    </ClCompile>
    <ClCompile Include="source\factories\LightFactory.cpp">
      <Filter>Source Files\factories</Filter>
    </ClCompile>
    <ClCompile Include="source\factories\ModelFactory.cpp">
      <Filter>Source Files\factories</Filter>
    </ClCompile>
    <ClCompile Include="source\factories\CameraFactory.cpp">
      <Filter>Source Files\factories</Filter>
    </ClCompile>
    <ClCompile Include="source\gui\HUDImGui.cpp">
      <Filter>Source Files\gui</Filter>
    </ClCompile>
    <ClCompile Include="source\gui\includes\imgui.cpp">
      <Filter>Source Files\gui\includes</Filter>
    </ClCompile>
    <ClCompile Include="source\gui\includes\imgui_draw.cpp">
      <Filter>Source Files\gui\includes</Filter>
    </ClCompile>
    <ClCompile Include="source\gui\includes\imgui_impl_glfw.cpp">
      <Filter>Source Files\gui\includes</Filter>
    </ClCompile>
    <ClCompile Include="source\gui\includes\imgui_impl_opengl3.cpp">
      <Filter>Source Files\gui\includes</Filter>
    </ClCompile>
    <ClCompile Include="source\gui\includes\imgui_tables.cpp">
      <Filter>Source Files\gui\includes</Filter>
    </ClCompile>
    <ClCompile Include="source\gui\includes\imgui_widgets.cpp">
      <Filter>Source Files\gui\includes</Filter>
    </ClCompile>
  </ItemGroup>
  <ItemGroup>
    <ClInclude Include="include\glfw\glfw3.h">
      <Filter>Header Files</Filter>
    </ClInclude>
    <ClInclude Include="source\meshes\MeshAssImp.h">
      <Filter>Source Files\meshes</Filter>
    </ClInclude>
    <ClInclude Include="source\meshes\interfaces\IMesh.h">
      <Filter>Source Files\meshes\interfaces</Filter>
    </ClInclude>
    <ClInclude Include="source\meshes\includes\Vertex.h">
      <Filter>Source Files\meshes\includes</Filter>
    </ClInclude>
    <ClInclude Include="source\models\interfaces\IModel.h">
      <Filter>Source Files\models\interfaces</Filter>
    </ClInclude>
    <ClInclude Include="source\models\Model.h">
      <Filter>Source Files\models</Filter>
    </ClInclude>
    <ClInclude Include="source\shaders\programs\ShaderProgram.h">
      <Filter>Source Files\shaders\programs</Filter>
    </ClInclude>
    <ClInclude Include="source\shaders\programs\interfaces\IShaderProgram.h">
      <Filter>Source Files\shaders\programs\interfaces</Filter>
    </ClInclude>
    <ClInclude Include="source\cameras\interfaces\ICamera.h">
      <Filter>Source Files\cameras\interfaces</Filter>
    </ClInclude>
    <ClInclude Include="source\cameras\CameraPerspective.h">
      <Filter>Source Files\cameras</Filter>
    </ClInclude>
    <ClInclude Include="source\shaders\loaders\interfaces\IShaderLoader.h">
      <Filter>Source Files\shaders\loaders\interfaces</Filter>
    </ClInclude>
    <ClInclude Include="source\shaders\loaders\FileShaderLoader.h">
      <Filter>Source Files\shaders\loaders</Filter>
    </ClInclude>
    <ClInclude Include="source\lights\interfaces\ILight.h">
      <Filter>Source Files\lights\interfaces</Filter>
    </ClInclude>
    <ClInclude Include="source\lights\PointLight.h">
      <Filter>Source Files\lights</Filter>
    </ClInclude>
    <ClInclude Include="source\lights\includes\Lights.h">
      <Filter>Source Files\lights\includes</Filter>
    </ClInclude>
    <ClInclude Include="source\shaders\buffers\UniformBufferObject.h">
      <Filter>Source Files\shaders\buffers</Filter>
    </ClInclude>
    <ClInclude Include="source\shaders\buffers\interfaces\IUniformBufferObject.h">
      <Filter>Source Files\shaders\buffers\interfaces</Filter>
    </ClInclude>
    <ClInclude Include="source\shaders\programs\includes\MVPN.h">
      <Filter>Source Files\shaders\programs\includes</Filter>
    </ClInclude>
    <ClInclude Include="source\textures\interfaces\ITexture.h">
      <Filter>Source Files\textures\interfaces</Filter>
    </ClInclude>
    <ClInclude Include="source\textures\FileTexture.h">
      <Filter>Source Files\textures</Filter>
    </ClInclude>
    <ClInclude Include="source\scenes\loaders\interfaces\ISceneLoader.h">
      <Filter>Source Files\scenes\loaders\interfaces</Filter>
    </ClInclude>
    <ClInclude Include="source\scenes\loaders\JsonSceneLoader.h">
      <Filter>Source Files\scenes\loaders</Filter>
    </ClInclude>
    <ClInclude Include="source\scenes\managers\interfaces\ISceneManager.h">
      <Filter>Source Files\scenes\managers\interfaces</Filter>
    </ClInclude>
    <ClInclude Include="source\scenes\managers\SceneManager.h">
      <Filter>Source Files\scenes\managers</Filter>
    </ClInclude>
    <ClInclude Include="source\factories\LightFactory.h">
      <Filter>Source Files\factories</Filter>
    </ClInclude>
    <ClInclude Include="source\factories\interfaces\ILightFactory.h">
      <Filter>Source Files\factories\interfaces</Filter>
    </ClInclude>
    <ClInclude Include="source\factories\ModelFactory.h">
      <Filter>Source Files\factories</Filter>
    </ClInclude>
    <ClInclude Include="source\factories\interfaces\IModelFactory.h">
      <Filter>Source Files\factories\interfaces</Filter>
    </ClInclude>
    <ClInclude Include="source\factories\CameraFactory.h">
      <Filter>Source Files\factories</Filter>
    </ClInclude>
    <ClInclude Include="source\factories\interfaces\ICameraFactory.h">
      <Filter>Source Files\factories\interfaces</Filter>
    </ClInclude>
    <ClInclude Include="source\gui\interfaces\IHUD.h">
      <Filter>Source Files\gui\interfaces</Filter>
    </ClInclude>
    <ClInclude Include="source\gui\HUDImGui.h">
      <Filter>Source Files\gui</Filter>
    </ClInclude>
    <ClInclude Include="source\gui\includes\imconfig.h">
      <Filter>Source Files\gui\includes</Filter>
    </ClInclude>
    <ClInclude Include="source\gui\includes\imgui.h">
      <Filter>Source Files\gui\includes</Filter>
    </ClInclude>
    <ClInclude Include="source\gui\includes\imgui_impl_glfw.h">
      <Filter>Source Files\gui\includes</Filter>
    </ClInclude>
    <ClInclude Include="source\gui\includes\imgui_impl_opengl3.h">
      <Filter>Source Files\gui\includes</Filter>
    </ClInclude>
    <ClInclude Include="source\gui\includes\imgui_impl_opengl3_loader.h">
      <Filter>Source Files\gui\includes</Filter>
    </ClInclude>
    <ClInclude Include="source\gui\includes\imgui_internal.h">
      <Filter>Source Files\gui\includes</Filter>
    </ClInclude>
    <ClInclude Include="source\gui\includes\imstb_rectpack.h">
      <Filter>Source Files\gui\includes</Filter>
    </ClInclude>
    <ClInclude Include="source\gui\includes\imstb_textedit.h">
      <Filter>Source Files\gui\includes</Filter>
    </ClInclude>
    <ClInclude Include="source\gui\includes\imstb_truetype.h">
      <Filter>Source Files\gui\includes</Filter>
    </ClInclude>
    <ClInclude Include="source\shaders\programs\includes\Lambertian.h">
      <Filter>Source Files\shaders\programs\includes</Filter>
    </ClInclude>
  </ItemGroup>
</Project>